// !$*UTF8*$!
{
	archiveVersion = 1;
	classes = {
	};
	objectVersion = 77;
	objects = {

/* Begin PBXBuildFile section */
		C0C62D902D1A5C8A00C71FE7 /* GoogleSignIn in Frameworks */ = {isa = PBXBuildFile; productRef = C0C62D8F2D1A5C8A00C71FE7 /* GoogleSignIn */; };
		C0C62D922D1A5C8A00C71FE7 /* GoogleSignInSwift in Frameworks */ = {isa = PBXBuildFile; productRef = C0C62D912D1A5C8A00C71FE7 /* GoogleSignInSwift */; };
		C0C62D972D1A5D4000C71FE7 /* FirebaseAnalytics in Frameworks */ = {isa = PBXBuildFile; productRef = C0C62D962D1A5D4000C71FE7 /* FirebaseAnalytics */; };
		C0C62D992D1A5D4000C71FE7 /* FirebaseAuth in Frameworks */ = {isa = PBXBuildFile; productRef = C0C62D982D1A5D4000C71FE7 /* FirebaseAuth */; };
		C0C62D9B2D1A5D4000C71FE7 /* FirebaseAuthCombine-Community in Frameworks */ = {isa = PBXBuildFile; productRef = C0C62D9A2D1A5D4000C71FE7 /* FirebaseAuthCombine-Community */; };
		C0C62D9D2D1A5D4000C71FE7 /* FirebaseCore in Frameworks */ = {isa = PBXBuildFile; productRef = C0C62D9C2D1A5D4000C71FE7 /* FirebaseCore */; };
		C0C62D9F2D1A5D4000C71FE7 /* FirebaseDatabase in Frameworks */ = {isa = PBXBuildFile; productRef = C0C62D9E2D1A5D4000C71FE7 /* FirebaseDatabase */; };
		C0C62DA12D1A5D4000C71FE7 /* FirebaseFirestore in Frameworks */ = {isa = PBXBuildFile; productRef = C0C62DA02D1A5D4000C71FE7 /* FirebaseFirestore */; };
		C0C62DA32D1A5D4000C71FE7 /* FirebaseFirestoreCombine-Community in Frameworks */ = {isa = PBXBuildFile; productRef = C0C62DA22D1A5D4000C71FE7 /* FirebaseFirestoreCombine-Community */; };
		C0C62DA52D1A5D4000C71FE7 /* FirebaseStorage in Frameworks */ = {isa = PBXBuildFile; productRef = C0C62DA42D1A5D4000C71FE7 /* FirebaseStorage */; };
/* End PBXBuildFile section */

/* Begin PBXFileReference section */
		C0C62D5E2D1A5B5C00C71FE7 /* buddy_flow.app */ = {isa = PBXFileReference; explicitFileType = wrapper.application; includeInIndex = 0; path = buddy_flow.app; sourceTree = BUILT_PRODUCTS_DIR; };
/* End PBXFileReference section */

/* Begin PBXFileSystemSynchronizedBuildFileExceptionSet section */
		C0C62D702D1A5B5D00C71FE7 /* Exceptions for "buddy_flow" folder in "buddy_flow" target */ = {
			isa = PBXFileSystemSynchronizedBuildFileExceptionSet;
			membershipExceptions = (
				Info.plist,
			);
			target = C0C62D5D2D1A5B5C00C71FE7 /* buddy_flow */;
		};
/* End PBXFileSystemSynchronizedBuildFileExceptionSet section */

/* Begin PBXFileSystemSynchronizedRootGroup section */
		C0C62D602D1A5B5C00C71FE7 /* buddy_flow */ = {
			isa = PBXFileSystemSynchronizedRootGroup;
			exceptions = (
				C0C62D702D1A5B5D00C71FE7 /* Exceptions for "buddy_flow" folder in "buddy_flow" target */,
			);
			path = buddy_flow;
			sourceTree = "<group>";
		};
/* End PBXFileSystemSynchronizedRootGroup section */

/* Begin PBXFrameworksBuildPhase section */
		C0C62D5B2D1A5B5C00C71FE7 /* Frameworks */ = {
			isa = PBXFrameworksBuildPhase;
			buildActionMask = 2147483647;
			files = (
				C0C62D902D1A5C8A00C71FE7 /* GoogleSignIn in Frameworks */,
				C0C62D922D1A5C8A00C71FE7 /* GoogleSignInSwift in Frameworks */,
				C0C62D972D1A5D4000C71FE7 /* FirebaseAnalytics in Frameworks */,
				C0C62DA52D1A5D4000C71FE7 /* FirebaseStorage in Frameworks */,
				C0C62DA32D1A5D4000C71FE7 /* FirebaseFirestoreCombine-Community in Frameworks */,
				C0C62D992D1A5D4000C71FE7 /* FirebaseAuth in Frameworks */,
				C0C62D9D2D1A5D4000C71FE7 /* FirebaseCore in Frameworks */,
				C0C62DA12D1A5D4000C71FE7 /* FirebaseFirestore in Frameworks */,
				C0C62D9F2D1A5D4000C71FE7 /* FirebaseDatabase in Frameworks */,
				C0C62D9B2D1A5D4000C71FE7 /* FirebaseAuthCombine-Community in Frameworks */,
			);
			runOnlyForDeploymentPostprocessing = 0;
		};
/* End PBXFrameworksBuildPhase section */

/* Begin PBXGroup section */
		C0C62D552D1A5B5C00C71FE7 = {
			isa = PBXGroup;
			children = (
				C0C62D602D1A5B5C00C71FE7 /* buddy_flow */,
				C0C62D5F2D1A5B5C00C71FE7 /* Products */,
			);
			sourceTree = "<group>";
		};
		C0C62D5F2D1A5B5C00C71FE7 /* Products */ = {
			isa = PBXGroup;
			children = (
				C0C62D5E2D1A5B5C00C71FE7 /* buddy_flow.app */,
			);
			name = Products;
			sourceTree = "<group>";
		};
/* End PBXGroup section */

/* Begin PBXNativeTarget section */
		C0C62D5D2D1A5B5C00C71FE7 /* buddy_flow */ = {
			isa = PBXNativeTarget;
			buildConfigurationList = C0C62D712D1A5B5D00C71FE7 /* Build configuration list for PBXNativeTarget "buddy_flow" */;
			buildPhases = (
				C0C62D5A2D1A5B5C00C71FE7 /* Sources */,
				C0C62D5B2D1A5B5C00C71FE7 /* Frameworks */,
				C0C62D5C2D1A5B5C00C71FE7 /* Resources */,
			);
			buildRules = (
			);
			dependencies = (
			);
			fileSystemSynchronizedGroups = (
				C0C62D602D1A5B5C00C71FE7 /* buddy_flow */,
			);
			name = buddy_flow;
			packageProductDependencies = (
				C0C62D8F2D1A5C8A00C71FE7 /* GoogleSignIn */,
				C0C62D912D1A5C8A00C71FE7 /* GoogleSignInSwift */,
				C0C62D962D1A5D4000C71FE7 /* FirebaseAnalytics */,
				C0C62D982D1A5D4000C71FE7 /* FirebaseAuth */,
				C0C62D9A2D1A5D4000C71FE7 /* FirebaseAuthCombine-Community */,
				C0C62D9C2D1A5D4000C71FE7 /* FirebaseCore */,
				C0C62D9E2D1A5D4000C71FE7 /* FirebaseDatabase */,
				C0C62DA02D1A5D4000C71FE7 /* FirebaseFirestore */,
				C0C62DA22D1A5D4000C71FE7 /* FirebaseFirestoreCombine-Community */,
				C0C62DA42D1A5D4000C71FE7 /* FirebaseStorage */,
			);
			productName = buddy_flow;
			productReference = C0C62D5E2D1A5B5C00C71FE7 /* buddy_flow.app */;
			productType = "com.apple.product-type.application";
		};
/* End PBXNativeTarget section */

/* Begin PBXProject section */
		C0C62D562D1A5B5C00C71FE7 /* Project object */ = {
			isa = PBXProject;
			attributes = {
				BuildIndependentTargetsInParallel = 1;
				LastSwiftUpdateCheck = 1610;
				LastUpgradeCheck = 1610;
				TargetAttributes = {
					C0C62D5D2D1A5B5C00C71FE7 = {
						CreatedOnToolsVersion = 16.1;
					};
				};
			};
			buildConfigurationList = C0C62D592D1A5B5C00C71FE7 /* Build configuration list for PBXProject "buddy_flow" */;
			developmentRegion = en;
			hasScannedForEncodings = 0;
			knownRegions = (
				en,
				Base,
			);
			mainGroup = C0C62D552D1A5B5C00C71FE7;
			minimizedProjectReferenceProxies = 1;
			packageReferences = (
				C0C62D8E2D1A5C8A00C71FE7 /* XCRemoteSwiftPackageReference "GoogleSignIn-iOS" */,
				C0C62D952D1A5D4000C71FE7 /* XCRemoteSwiftPackageReference "firebase-ios-sdk" */,
			);
			preferredProjectObjectVersion = 77;
			productRefGroup = C0C62D5F2D1A5B5C00C71FE7 /* Products */;
			projectDirPath = "";
			projectRoot = "";
			targets = (
				C0C62D5D2D1A5B5C00C71FE7 /* buddy_flow */,
			);
		};
/* End PBXProject section */

/* Begin PBXResourcesBuildPhase section */
		C0C62D5C2D1A5B5C00C71FE7 /* Resources */ = {
			isa = PBXResourcesBuildPhase;
			buildActionMask = 2147483647;
			files = (
			);
			runOnlyForDeploymentPostprocessing = 0;
		};
/* End PBXResourcesBuildPhase section */

/* Begin PBXSourcesBuildPhase section */
		C0C62D5A2D1A5B5C00C71FE7 /* Sources */ = {
			isa = PBXSourcesBuildPhase;
			buildActionMask = 2147483647;
			files = (
			);
			runOnlyForDeploymentPostprocessing = 0;
		};
/* End PBXSourcesBuildPhase section */

/* Begin XCBuildConfiguration section */
		C0C62D722D1A5B5D00C71FE7 /* Debug */ = {
			isa = XCBuildConfiguration;
			buildSettings = {
				ASSETCATALOG_COMPILER_APPICON_NAME = AppIcon;
				ASSETCATALOG_COMPILER_GLOBAL_ACCENT_COLOR_NAME = AccentColor;
				CODE_SIGN_STYLE = Automatic;
				CURRENT_PROJECT_VERSION = 1;
				GENERATE_INFOPLIST_FILE = YES;
				INFOPLIST_FILE = buddy_flow/Info.plist;
				INFOPLIST_KEY_UIApplicationSupportsIndirectInputEvents = YES;
				INFOPLIST_KEY_UILaunchStoryboardName = LaunchScreen;
				INFOPLIST_KEY_UIMainStoryboardFile = Main;
				INFOPLIST_KEY_UISupportedInterfaceOrientations_iPad = "UIInterfaceOrientationPortrait UIInterfaceOrientationPortraitUpsideDown UIInterfaceOrientationLandscapeLeft UIInterfaceOrientationLandscapeRight";
				INFOPLIST_KEY_UISupportedInterfaceOrientations_iPhone = "UIInterfaceOrientationPortrait UIInterfaceOrientationLandscapeLeft UIInterfaceOrientationLandscapeRight";
				LD_RUNPATH_SEARCH_PATHS = (
					"$(inherited)",
					"@executable_path/Frameworks",
				);
				MARKETING_VERSION = 1.0;
				PRODUCT_BUNDLE_IDENTIFIER = com.example.wepProject;
				PRODUCT_NAME = "$(TARGET_NAME)";
				SWIFT_EMIT_LOC_STRINGS = YES;
				SWIFT_VERSION = 5.0;
				TARGETED_DEVICE_FAMILY = "1,2";
			};
			name = Debug;
		};
		C0C62D732D1A5B5D00C71FE7 /* Release */ = {
			isa = XCBuildConfiguration;
			buildSettings = {
				ASSETCATALOG_COMPILER_APPICON_NAME = AppIcon;
				ASSETCATALOG_COMPILER_GLOBAL_ACCENT_COLOR_NAME = AccentColor;
				CODE_SIGN_STYLE = Automatic;
				CURRENT_PROJECT_VERSION = 1;
				GENERATE_INFOPLIST_FILE = YES;
				INFOPLIST_FILE = buddy_flow/Info.plist;
				INFOPLIST_KEY_UIApplicationSupportsIndirectInputEvents = YES;
				INFOPLIST_KEY_UILaunchStoryboardName = LaunchScreen;
				INFOPLIST_KEY_UIMainStoryboardFile = Main;
				INFOPLIST_KEY_UISupportedInterfaceOrientations_iPad = "UIInterfaceOrientationPortrait UIInterfaceOrientationPortraitUpsideDown UIInterfaceOrientationLandscapeLeft UIInterfaceOrientationLandscapeRight";
				INFOPLIST_KEY_UISupportedInterfaceOrientations_iPhone = "UIInterfaceOrientationPortrait UIInterfaceOrientationLandscapeLeft UIInterfaceOrientationLandscapeRight";
				LD_RUNPATH_SEARCH_PATHS = (
					"$(inherited)",
					"@executable_path/Frameworks",
				);
				MARKETING_VERSION = 1.0;
				PRODUCT_BUNDLE_IDENTIFIER = com.example.wepProject;
				PRODUCT_NAME = "$(TARGET_NAME)";
				SWIFT_EMIT_LOC_STRINGS = YES;
				SWIFT_VERSION = 5.0;
				TARGETED_DEVICE_FAMILY = "1,2";
			};
			name = Release;
		};
		C0C62D742D1A5B5D00C71FE7 /* Debug */ = {
			isa = XCBuildConfiguration;
			buildSettings = {
				ALWAYS_SEARCH_USER_PATHS = NO;
				ASSETCATALOG_COMPILER_GENERATE_SWIFT_ASSET_SYMBOL_EXTENSIONS = YES;
				CLANG_ANALYZER_NONNULL = YES;
				CLANG_ANALYZER_NUMBER_OBJECT_CONVERSION = YES_AGGRESSIVE;
				CLANG_CXX_LANGUAGE_STANDARD = "gnu++20";
				CLANG_ENABLE_MODULES = YES;
				CLANG_ENABLE_OBJC_ARC = YES;
				CLANG_ENABLE_OBJC_WEAK = YES;
				CLANG_WARN_BLOCK_CAPTURE_AUTORELEASING = YES;
				CLANG_WARN_BOOL_CONVERSION = YES;
				CLANG_WARN_COMMA = YES;
				CLANG_WARN_CONSTANT_CONVERSION = YES;
				CLANG_WARN_DEPRECATED_OBJC_IMPLEMENTATIONS = YES;
				CLANG_WARN_DIRECT_OBJC_ISA_USAGE = YES_ERROR;
				CLANG_WARN_DOCUMENTATION_COMMENTS = YES;
				CLANG_WARN_EMPTY_BODY = YES;
				CLANG_WARN_ENUM_CONVERSION = YES;
				CLANG_WARN_INFINITE_RECURSION = YES;
				CLANG_WARN_INT_CONVERSION = YES;
				CLANG_WARN_NON_LITERAL_NULL_CONVERSION = YES;
				CLANG_WARN_OBJC_IMPLICIT_RETAIN_SELF = YES;
				CLANG_WARN_OBJC_LITERAL_CONVERSION = YES;
				CLANG_WARN_OBJC_ROOT_CLASS = YES_ERROR;
				CLANG_WARN_QUOTED_INCLUDE_IN_FRAMEWORK_HEADER = YES;
				CLANG_WARN_RANGE_LOOP_ANALYSIS = YES;
				CLANG_WARN_STRICT_PROTOTYPES = YES;
				CLANG_WARN_SUSPICIOUS_MOVE = YES;
				CLANG_WARN_UNGUARDED_AVAILABILITY = YES_AGGRESSIVE;
				CLANG_WARN_UNREACHABLE_CODE = YES;
				CLANG_WARN__DUPLICATE_METHOD_MATCH = YES;
				COPY_PHASE_STRIP = NO;
				DEBUG_INFORMATION_FORMAT = dwarf;
				ENABLE_STRICT_OBJC_MSGSEND = YES;
				ENABLE_TESTABILITY = YES;
				ENABLE_USER_SCRIPT_SANDBOXING = YES;
				GCC_C_LANGUAGE_STANDARD = gnu17;
				GCC_DYNAMIC_NO_PIC = NO;
				GCC_NO_COMMON_BLOCKS = YES;
				GCC_OPTIMIZATION_LEVEL = 0;
				GCC_PREPROCESSOR_DEFINITIONS = (
					"DEBUG=1",
					"$(inherited)",
				);
				GCC_WARN_64_TO_32_BIT_CONVERSION = YES;
				GCC_WARN_ABOUT_RETURN_TYPE = YES_ERROR;
				GCC_WARN_UNDECLARED_SELECTOR = YES;
				GCC_WARN_UNINITIALIZED_AUTOS = YES_AGGRESSIVE;
				GCC_WARN_UNUSED_FUNCTION = YES;
				GCC_WARN_UNUSED_VARIABLE = YES;
				IPHONEOS_DEPLOYMENT_TARGET = 18.1;
				LOCALIZATION_PREFERS_STRING_CATALOGS = YES;
				MTL_ENABLE_DEBUG_INFO = INCLUDE_SOURCE;
				MTL_FAST_MATH = YES;
				ONLY_ACTIVE_ARCH = YES;
				SDKROOT = iphoneos;
				SWIFT_ACTIVE_COMPILATION_CONDITIONS = "DEBUG $(inherited)";
				SWIFT_OPTIMIZATION_LEVEL = "-Onone";
			};
			name = Debug;
		};
		C0C62D752D1A5B5D00C71FE7 /* Release */ = {
			isa = XCBuildConfiguration;
			buildSettings = {
				ALWAYS_SEARCH_USER_PATHS = NO;
				ASSETCATALOG_COMPILER_GENERATE_SWIFT_ASSET_SYMBOL_EXTENSIONS = YES;
				CLANG_ANALYZER_NONNULL = YES;
				CLANG_ANALYZER_NUMBER_OBJECT_CONVERSION = YES_AGGRESSIVE;
				CLANG_CXX_LANGUAGE_STANDARD = "gnu++20";
				CLANG_ENABLE_MODULES = YES;
				CLANG_ENABLE_OBJC_ARC = YES;
				CLANG_ENABLE_OBJC_WEAK = YES;
				CLANG_WARN_BLOCK_CAPTURE_AUTORELEASING = YES;
				CLANG_WARN_BOOL_CONVERSION = YES;
				CLANG_WARN_COMMA = YES;
				CLANG_WARN_CONSTANT_CONVERSION = YES;
				CLANG_WARN_DEPRECATED_OBJC_IMPLEMENTATIONS = YES;
				CLANG_WARN_DIRECT_OBJC_ISA_USAGE = YES_ERROR;
				CLANG_WARN_DOCUMENTATION_COMMENTS = YES;
				CLANG_WARN_EMPTY_BODY = YES;
				CLANG_WARN_ENUM_CONVERSION = YES;
				CLANG_WARN_INFINITE_RECURSION = YES;
				CLANG_WARN_INT_CONVERSION = YES;
				CLANG_WARN_NON_LITERAL_NULL_CONVERSION = YES;
				CLANG_WARN_OBJC_IMPLICIT_RETAIN_SELF = YES;
				CLANG_WARN_OBJC_LITERAL_CONVERSION = YES;
				CLANG_WARN_OBJC_ROOT_CLASS = YES_ERROR;
				CLANG_WARN_QUOTED_INCLUDE_IN_FRAMEWORK_HEADER = YES;
				CLANG_WARN_RANGE_LOOP_ANALYSIS = YES;
				CLANG_WARN_STRICT_PROTOTYPES = YES;
				CLANG_WARN_SUSPICIOUS_MOVE = YES;
				CLANG_WARN_UNGUARDED_AVAILABILITY = YES_AGGRESSIVE;
				CLANG_WARN_UNREACHABLE_CODE = YES;
				CLANG_WARN__DUPLICATE_METHOD_MATCH = YES;
				COPY_PHASE_STRIP = NO;
				DEBUG_INFORMATION_FORMAT = "dwarf-with-dsym";
				ENABLE_NS_ASSERTIONS = NO;
				ENABLE_STRICT_OBJC_MSGSEND = YES;
				ENABLE_USER_SCRIPT_SANDBOXING = YES;
				GCC_C_LANGUAGE_STANDARD = gnu17;
				GCC_NO_COMMON_BLOCKS = YES;
				GCC_WARN_64_TO_32_BIT_CONVERSION = YES;
				GCC_WARN_ABOUT_RETURN_TYPE = YES_ERROR;
				GCC_WARN_UNDECLARED_SELECTOR = YES;
				GCC_WARN_UNINITIALIZED_AUTOS = YES_AGGRESSIVE;
				GCC_WARN_UNUSED_FUNCTION = YES;
				GCC_WARN_UNUSED_VARIABLE = YES;
				IPHONEOS_DEPLOYMENT_TARGET = 18.1;
				LOCALIZATION_PREFERS_STRING_CATALOGS = YES;
				MTL_ENABLE_DEBUG_INFO = NO;
				MTL_FAST_MATH = YES;
				SDKROOT = iphoneos;
				SWIFT_COMPILATION_MODE = wholemodule;
				VALIDATE_PRODUCT = YES;
			};
			name = Release;
		};
/* End XCBuildConfiguration section */

/* Begin XCConfigurationList section */
		C0C62D592D1A5B5C00C71FE7 /* Build configuration list for PBXProject "buddy_flow" */ = {
			isa = XCConfigurationList;
			buildConfigurations = (
				C0C62D742D1A5B5D00C71FE7 /* Debug */,
				C0C62D752D1A5B5D00C71FE7 /* Release */,
			);
			defaultConfigurationIsVisible = 0;
			defaultConfigurationName = Release;
		};
		C0C62D712D1A5B5D00C71FE7 /* Build configuration list for PBXNativeTarget "buddy_flow" */ = {
			isa = XCConfigurationList;
			buildConfigurations = (
				C0C62D722D1A5B5D00C71FE7 /* Debug */,
				C0C62D732D1A5B5D00C71FE7 /* Release */,
			);
			defaultConfigurationIsVisible = 0;
			defaultConfigurationName = Release;
		};
/* End XCConfigurationList section */

/* Begin XCRemoteSwiftPackageReference section */
		C0C62D8E2D1A5C8A00C71FE7 /* XCRemoteSwiftPackageReference "GoogleSignIn-iOS" */ = {
			isa = XCRemoteSwiftPackageReference;
			repositoryURL = "https://github.com/google/GoogleSignIn-iOS";
			requirement = {
				kind = upToNextMajorVersion;
				minimumVersion = 8.0.0;
			};
		};
		C0C62D952D1A5D4000C71FE7 /* XCRemoteSwiftPackageReference "firebase-ios-sdk" */ = {
			isa = XCRemoteSwiftPackageReference;
			repositoryURL = "https://github.com/firebase/firebase-ios-sdk";
			requirement = {
				kind = upToNextMajorVersion;
				minimumVersion = 11.6.0;
			};
		};
/* End XCRemoteSwiftPackageReference section */

/* Begin XCSwiftPackageProductDependency section */
		C0C62D8F2D1A5C8A00C71FE7 /* GoogleSignIn */ = {
			isa = XCSwiftPackageProductDependency;
			package = C0C62D8E2D1A5C8A00C71FE7 /* XCRemoteSwiftPackageReference "GoogleSignIn-iOS" */;
			productName = GoogleSignIn;
		};
		C0C62D912D1A5C8A00C71FE7 /* GoogleSignInSwift */ = {
			isa = XCSwiftPackageProductDependency;
			package = C0C62D8E2D1A5C8A00C71FE7 /* XCRemoteSwiftPackageReference "GoogleSignIn-iOS" */;
			productName = GoogleSignInSwift;
		};
		C0C62D962D1A5D4000C71FE7 /* FirebaseAnalytics */ = {
			isa = XCSwiftPackageProductDependency;
			package = C0C62D952D1A5D4000C71FE7 /* XCRemoteSwiftPackageReference "firebase-ios-sdk" */;
			productName = FirebaseAnalytics;
		};
		C0C62D982D1A5D4000C71FE7 /* FirebaseAuth */ = {
			isa = XCSwiftPackageProductDependency;
			package = C0C62D952D1A5D4000C71FE7 /* XCRemoteSwiftPackageReference "firebase-ios-sdk" */;
			productName = FirebaseAuth;
		};
		C0C62D9A2D1A5D4000C71FE7 /* FirebaseAuthCombine-Community */ = {
			isa = XCSwiftPackageProductDependency;
			package = C0C62D952D1A5D4000C71FE7 /* XCRemoteSwiftPackageReference "firebase-ios-sdk" */;
			productName = "FirebaseAuthCombine-Community";
		};
		C0C62D9C2D1A5D4000C71FE7 /* FirebaseCore */ = {
			isa = XCSwiftPackageProductDependency;
			package = C0C62D952D1A5D4000C71FE7 /* XCRemoteSwiftPackageReference "firebase-ios-sdk" */;
			productName = FirebaseCore;
		};
		C0C62D9E2D1A5D4000C71FE7 /* FirebaseDatabase */ = {
			isa = XCSwiftPackageProductDependency;
			package = C0C62D952D1A5D4000C71FE7 /* XCRemoteSwiftPackageReference "firebase-ios-sdk" */;
			productName = FirebaseDatabase;
		};
		C0C62DA02D1A5D4000C71FE7 /* FirebaseFirestore */ = {
			isa = XCSwiftPackageProductDependency;
			package = C0C62D952D1A5D4000C71FE7 /* XCRemoteSwiftPackageReference "firebase-ios-sdk" */;
			productName = FirebaseFirestore;
		};
		C0C62DA22D1A5D4000C71FE7 /* FirebaseFirestoreCombine-Community */ = {
			isa = XCSwiftPackageProductDependency;
			package = C0C62D952D1A5D4000C71FE7 /* XCRemoteSwiftPackageReference "firebase-ios-sdk" */;
			productName = "FirebaseFirestoreCombine-Community";
		};
		C0C62DA42D1A5D4000C71FE7 /* FirebaseStorage */ = {
			isa = XCSwiftPackageProductDependency;
			package = C0C62D952D1A5D4000C71FE7 /* XCRemoteSwiftPackageReference "firebase-ios-sdk" */;
			productName = FirebaseStorage;
		};
/* End XCSwiftPackageProductDependency section */
	};
	rootObject = C0C62D562D1A5B5C00C71FE7 /* Project object */;
}
